
Microsoft Visual Studio Solution File, Format Version 12.00
# Visual Studio Version 17
VisualStudioVersion = 17.6.33829.357
MinimumVisualStudioVersion = 10.0.40219.1
Project("{FAE04EC0-301F-11D3-BF4B-00C04F79EFBC}") = "WebApplication1", "WebApplication1\WebApplication1.csproj", "{5FAF0F8A-9BB3-4DC0-8723-5577676E804B}"
EndProject
Global
	GlobalSection(SolutionConfigurationPlatforms) = preSolution
		Debug|Any CPU = Debug|Any CPU
		Release|Any CPU = Release|Any CPU
	EndGlobalSection
	GlobalSection(ProjectConfigurationPlatforms) = postSolution
		{5FAF0F8A-9BB3-4DC0-8723-5577676E804B}.Debug|Any CPU.ActiveCfg = Debug|Any CPU
		{5FAF0F8A-9BB3-4DC0-8723-5577676E804B}.Debug|Any CPU.Build.0 = Debug|Any CPU
		{5FAF0F8A-9BB3-4DC0-8723-5577676E804B}.Release|Any CPU.ActiveCfg = Release|Any CPU
		{5FAF0F8A-9BB3-4DC0-8723-5577676E804B}.Release|Any CPU.Build.0 = Release|Any CPU
	EndGlobalSection
	GlobalSection(SolutionProperties) = preSolution
		HideSolutionNode = FALSE
	EndGlobalSection
	GlobalSection(ExtensibilityGlobals) = postSolution
		SolutionGuid = {75C72675-317E-472C-ADB8-77525ED41F03}
	EndGlobalSection
EndGlobal
